
Microsoft Visual Studio Solution File, Format Version 12.00
# Visual Studio 15
VisualStudioVersion = 15.0.28010.2048
MinimumVisualStudioVersion = 10.0.40219.1
Project("{FAE04EC0-301F-11D3-BF4B-00C04F79EFBC}") = "EFCore.DomainModels", "EFCore.Models\EFCore.DomainModels.csproj", "{717792A8-6BA6-4C10-82A6-71AB2981EF2F}"
EndProject
Project("{FAE04EC0-301F-11D3-BF4B-00C04F79EFBC}") = "EFCore.Data", "EFCore.Data\EFCore.Data.csproj", "{71CD4BFE-A682-44FC-8895-FCA4EFF309BC}"
EndProject
Global
	GlobalSection(SolutionConfigurationPlatforms) = preSolution
		Debug|Any CPU = Debug|Any CPU
		Release|Any CPU = Release|Any CPU
	EndGlobalSection
	GlobalSection(ProjectConfigurationPlatforms) = postSolution
		{717792A8-6BA6-4C10-82A6-71AB2981EF2F}.Debug|Any CPU.ActiveCfg = Debug|Any CPU
		{717792A8-6BA6-4C10-82A6-71AB2981EF2F}.Debug|Any CPU.Build.0 = Debug|Any CPU
		{717792A8-6BA6-4C10-82A6-71AB2981EF2F}.Release|Any CPU.ActiveCfg = Release|Any CPU
		{717792A8-6BA6-4C10-82A6-71AB2981EF2F}.Release|Any CPU.Build.0 = Release|Any CPU
		{71CD4BFE-A682-44FC-8895-FCA4EFF309BC}.Debug|Any CPU.ActiveCfg = Debug|Any CPU
		{71CD4BFE-A682-44FC-8895-FCA4EFF309BC}.Debug|Any CPU.Build.0 = Debug|Any CPU
		{71CD4BFE-A682-44FC-8895-FCA4EFF309BC}.Release|Any CPU.ActiveCfg = Release|Any CPU
		{71CD4BFE-A682-44FC-8895-FCA4EFF309BC}.Release|Any CPU.Build.0 = Release|Any CPU
	EndGlobalSection
	GlobalSection(SolutionProperties) = preSolution
		HideSolutionNode = FALSE
	EndGlobalSection
	GlobalSection(ExtensibilityGlobals) = postSolution
		SolutionGuid = {76D8C9EC-56E8-45A4-9E4A-C8D7CBC97E63}
	EndGlobalSection
EndGlobal
